
Microsoft Visual Studio Solution File, Format Version 12.00
# Visual Studio Version 17
VisualStudioVersion = 17.5.33424.131
MinimumVisualStudioVersion = 10.0.40219.1
Project("{FAE04EC0-301F-11D3-BF4B-00C04F79EFBC}") = "AtividadeArrays", "AtividadeArrays.csproj", "{6AFB836A-D252-41DD-A585-EBD7488C8D8B}"
EndProject
Global
	GlobalSection(SolutionConfigurationPlatforms) = preSolution
		Debug|Any CPU = Debug|Any CPU
		Release|Any CPU = Release|Any CPU
	EndGlobalSection
	GlobalSection(ProjectConfigurationPlatforms) = postSolution
		{6AFB836A-D252-41DD-A585-EBD7488C8D8B}.Debug|Any CPU.ActiveCfg = Debug|Any CPU
		{6AFB836A-D252-41DD-A585-EBD7488C8D8B}.Debug|Any CPU.Build.0 = Debug|Any CPU
		{6AFB836A-D252-41DD-A585-EBD7488C8D8B}.Release|Any CPU.ActiveCfg = Release|Any CPU
		{6AFB836A-D252-41DD-A585-EBD7488C8D8B}.Release|Any CPU.Build.0 = Release|Any CPU
	EndGlobalSection
	GlobalSection(SolutionProperties) = preSolution
		HideSolutionNode = FALSE
	EndGlobalSection
	GlobalSection(ExtensibilityGlobals) = postSolution
		SolutionGuid = {DC3ABC71-4692-405D-8252-8A19CBE1ED74}
	EndGlobalSection
EndGlobal
